
Microsoft Visual Studio Solution File, Format Version 12.00
# Visual Studio Version 16
VisualStudioVersion = 16.0.29613.14
MinimumVisualStudioVersion = 10.0.40219.1
Project("{9A19103F-16F7-4668-BE54-9A1E7A4F7556}") = "GalileuszSchool", "GalileuszSchool\GalileuszSchool.csproj", "{98F90A3F-961C-43E6-A761-F6C1CB1EE93A}"
EndProject
Project("{FAE04EC0-301F-11D3-BF4B-00C04F79EFBC}") = "GalileuszSchool.Tests", "GalileuszSchool.Tests\GalileuszSchool.Tests.csproj", "{D50A71D8-2B24-4BF1-9FF7-EC00F57CD7E3}"
EndProject
Global
	GlobalSection(SolutionConfigurationPlatforms) = preSolution
		Debug|Any CPU = Debug|Any CPU
		Release|Any CPU = Release|Any CPU
	EndGlobalSection
	GlobalSection(ProjectConfigurationPlatforms) = postSolution
		{98F90A3F-961C-43E6-A761-F6C1CB1EE93A}.Debug|Any CPU.ActiveCfg = Debug|Any CPU
		{98F90A3F-961C-43E6-A761-F6C1CB1EE93A}.Debug|Any CPU.Build.0 = Debug|Any CPU
		{98F90A3F-961C-43E6-A761-F6C1CB1EE93A}.Release|Any CPU.ActiveCfg = Release|Any CPU
		{98F90A3F-961C-43E6-A761-F6C1CB1EE93A}.Release|Any CPU.Build.0 = Release|Any CPU
		{D50A71D8-2B24-4BF1-9FF7-EC00F57CD7E3}.Debug|Any CPU.ActiveCfg = Debug|Any CPU
		{D50A71D8-2B24-4BF1-9FF7-EC00F57CD7E3}.Debug|Any CPU.Build.0 = Debug|Any CPU
		{D50A71D8-2B24-4BF1-9FF7-EC00F57CD7E3}.Release|Any CPU.ActiveCfg = Release|Any CPU
		{D50A71D8-2B24-4BF1-9FF7-EC00F57CD7E3}.Release|Any CPU.Build.0 = Release|Any CPU
	EndGlobalSection
	GlobalSection(SolutionProperties) = preSolution
		HideSolutionNode = FALSE
	EndGlobalSection
	GlobalSection(ExtensibilityGlobals) = postSolution
		SolutionGuid = {2EE2C40D-0A79-42A8-92DD-CC93595387FA}
	EndGlobalSection
EndGlobal
